
Microsoft Visual Studio Solution File, Format Version 12.00
# Visual Studio Version 17
VisualStudioVersion = 17.7.34221.43
MinimumVisualStudioVersion = 10.0.40219.1
Project("{FAE04EC0-301F-11D3-BF4B-00C04F79EFBC}") = "HelloWorld", "HelloWorld\HelloWorld.csproj", "{332FFED8-9D23-4349-9A15-F0C3BDC96537}"
EndProject
Global
	GlobalSection(SolutionConfigurationPlatforms) = preSolution
		Debug|Any CPU = Debug|Any CPU
		Release|Any CPU = Release|Any CPU
	EndGlobalSection
	GlobalSection(ProjectConfigurationPlatforms) = postSolution
		{332FFED8-9D23-4349-9A15-F0C3BDC96537}.Debug|Any CPU.ActiveCfg = Debug|Any CPU
		{332FFED8-9D23-4349-9A15-F0C3BDC96537}.Debug|Any CPU.Build.0 = Debug|Any CPU
		{332FFED8-9D23-4349-9A15-F0C3BDC96537}.Release|Any CPU.ActiveCfg = Release|Any CPU
		{332FFED8-9D23-4349-9A15-F0C3BDC96537}.Release|Any CPU.Build.0 = Release|Any CPU
	EndGlobalSection
	GlobalSection(SolutionProperties) = preSolution
		HideSolutionNode = FALSE
	EndGlobalSection
	GlobalSection(ExtensibilityGlobals) = postSolution
		SolutionGuid = {ABA83C48-6AC5-4EF9-8FC2-EF1A8E647ADE}
	EndGlobalSection
EndGlobal
