
Microsoft Visual Studio Solution File, Format Version 12.00
# Visual Studio Version 17
VisualStudioVersion = 17.7.34221.43
MinimumVisualStudioVersion = 10.0.40219.1
Project("{FAE04EC0-301F-11D3-BF4B-00C04F79EFBC}") = "Esercizio2", "Esercizio2\Esercizio2.csproj", "{11BC5460-5213-43E6-BA02-87F5253AFF6E}"
EndProject
Global
	GlobalSection(SolutionConfigurationPlatforms) = preSolution
		Debug|Any CPU = Debug|Any CPU
		Release|Any CPU = Release|Any CPU
	EndGlobalSection
	GlobalSection(ProjectConfigurationPlatforms) = postSolution
		{11BC5460-5213-43E6-BA02-87F5253AFF6E}.Debug|Any CPU.ActiveCfg = Debug|Any CPU
		{11BC5460-5213-43E6-BA02-87F5253AFF6E}.Debug|Any CPU.Build.0 = Debug|Any CPU
		{11BC5460-5213-43E6-BA02-87F5253AFF6E}.Release|Any CPU.ActiveCfg = Release|Any CPU
		{11BC5460-5213-43E6-BA02-87F5253AFF6E}.Release|Any CPU.Build.0 = Release|Any CPU
	EndGlobalSection
	GlobalSection(SolutionProperties) = preSolution
		HideSolutionNode = FALSE
	EndGlobalSection
	GlobalSection(ExtensibilityGlobals) = postSolution
		SolutionGuid = {62245934-862E-4564-866D-4D8B1C6A3115}
	EndGlobalSection
EndGlobal
